
Microsoft Visual Studio Solution File, Format Version 12.00
# Visual Studio Version 16
VisualStudioVersion = 16.0.32002.261
MinimumVisualStudioVersion = 10.0.40219.1
Project("{FAE04EC0-301F-11D3-BF4B-00C04F79EFBC}") = "MIS4200Team5v2", "MIS4200Team5v2.csproj", "{C2F364EC-AF95-4D3C-BE53-8167E732C750}"
EndProject
Global
	GlobalSection(SolutionConfigurationPlatforms) = preSolution
		Debug|Any CPU = Debug|Any CPU
		Release|Any CPU = Release|Any CPU
	EndGlobalSection
	GlobalSection(ProjectConfigurationPlatforms) = postSolution
		{C2F364EC-AF95-4D3C-BE53-8167E732C750}.Debug|Any CPU.ActiveCfg = Debug|Any CPU
		{C2F364EC-AF95-4D3C-BE53-8167E732C750}.Debug|Any CPU.Build.0 = Debug|Any CPU
		{C2F364EC-AF95-4D3C-BE53-8167E732C750}.Release|Any CPU.ActiveCfg = Release|Any CPU
		{C2F364EC-AF95-4D3C-BE53-8167E732C750}.Release|Any CPU.Build.0 = Release|Any CPU
	EndGlobalSection
	GlobalSection(SolutionProperties) = preSolution
		HideSolutionNode = FALSE
	EndGlobalSection
	GlobalSection(ExtensibilityGlobals) = postSolution
		SolutionGuid = {EB5F0972-37D1-4B8A-BD92-72588B4D21EF}
	EndGlobalSection
EndGlobal
